cloud.google.com/go/compute/metadata v0.3.0 h1:Tz+eQXMEqDIKRsmY3cHTL6FVaynIjX2QxYC4trgAKZc=
cloud.google.com/go/compute/metadata v0.3.0/go.mod h1:zFmK7XCadkQkj6TtorcaGlCW1hT1fIilQDwofLpJ20k=
filippo.io/edwards25519 v1.2.0 h1:crnVqOiS4jqYleHd9vaKZ+HKtHfllngJIiOpNpoJsjo=
filippo.io/edwards25519 v1.2.0/go.mod h1:xzAOLCNug/yB62zG1bQ8uziwrIqIuxhctzJT18Q77mc=
github.com/BurntSushi/toml v1.4.0 h1:kuoIxZQy2WRRk1pttg9asf+WVv6tWQuBNVmK8+nqPr0=
github.com/BurntSushi/toml v1.4.0/go.mod h1:ukJfTF/6rtPPRCnwkur4qwRxa8vTRFBF0uk2lLoLwho=
github.com/BurntSushi/toml v1.5.0 h1:W5quZX/G/csjUnuI8SUYlsHs9M38FC7znL0lIO+DvMg=
github.com/BurntSushi/toml v1.5.0/go.mod h1:ukJfTF/6rtPPRCnwkur4qwRxa8vTRFBF0uk2lLoLwho=
github.com/akutz/memconn v0.1.0 h1:NawI0TORU4hcOMsMr11g7vwlCdkYeLKXBcxWu2W/P8A=
github.com/akutz/memconn v0.1.0/go.mod h1:Jo8rI7m0NieZyLI5e2CDlRdRqRRB4S7Xp77ukDjH+Fw=
github.com/coder/websocket v1.8.12 h1:5bUXkEPPIbewrnkU8LTCLVaxi4N4J8ahufH2vlo4NAo=
github.com/coder/websocket v1.8.12/go.mod h1:LNVeNrXQZfe5qhS9ALED3uA+l5pPqvwXg3CKoDBB2gs=
github.com/dblohm7/wingoes v0.0.0-20240119213807-a09d6be7affa h1:h8TfIT1xc8FWbwwpmHn1J5i43Y0uZP97GqasGCzSRJk=
github.com/dblohm7/wingoes v0.0.0-20240119213807-a09d6be7affa/go.mod h1:Nx87SkVqTKd8UtT+xu7sM/l+LgXs6c0aHrlKusR+2EQ=
github.com/dustin/go-humanize v1.0.1 h1:GzkhY7T5VNhEkwH0PVJgjz+fX1rhBrR7pRT3mDkpeCY=
github.com/dustin/go-humanize v1.0.1/go.mod h1:Mu1zIs6XwVuF/gI1OepvI0qD18qycQx+mFykh5fBlto=
github.com/fxamacker/cbor/v2 v2.9.0 h1:NpKPmjDBgUfBms6tr6JZkTHtfFGcMKsw3eGcmD/sapM=
github.com/fxamacker/cbor/v2 v2.9.0/go.mod h1:vM4b+DJCtHn+zz7h3FFp/hDAI9WNWCsZj23V5ytsSxQ=
github.com/go-json-experiment/json v0.0.0-20260214004413-d219187c3433 h1:vymEbVwYFP/L05h5TKQxvkXoKxNvTpjxYKdF1Nlwuao=
github.com/go-json-experiment/json v0.0.0-20260214004413-d219187c3433/go.mod h1:tphK2c80bpPhMOI4v6bIc2xWywPfbqi1Z06+RcrMkDg=
github.com/google/go-cmp v0.7.0 h1:wk8382ETsv4JYUZwIsn6YpYiWiBsYLSJiTsyBybVuN8=
github.com/google/go-cmp v0.7.0/go.mod h1:pXiqmnSA92OHEEa9HXL2W4E7lf9JzCmGVUdgjX3N/iU=
github.com/google/pprof v0.0.0-20250317173921-a4b03ec1a45e h1:ijClszYn+mADRFY17kjQEVQ1XRhq2/JR1M3sGqeJoxs=
github.com/google/pprof v0.0.0-20250317173921-a4b03ec1a45e/go.mod h1:boTsfXsheKC2y+lKOCMpSfarhxDeIzfZG1jqGcPl3cA=
github.com/google/uuid v1.6.0 h1:NIvaJDMOsjHA8n1jAhLSgzrAzy1Hgr+hNrb57e+94F0=
github.com/google/uuid v1.6.0/go.mod h1:TIyPZe4MgqvfeYDBFedMoGGpEw/LqOeaOT+nhxU+yHo=
github.com/gorilla/websocket v1.5.3 h1:saDtZ6Pbx/0u+bgYQ3q96pZgCzfhKXGPqt7kZ72aNNg=
github.com/gorilla/websocket v1.5.3/go.mod h1:YR8l580nyteQvAITg2hZ9XVh4b55+EU/adAjf1fMHhE=
github.com/gorilla/websocket v1.5.4-0.20250319132907-e064f32e3674 h1:JeSE6pjso5THxAzdVpqr6/geYxZytqFMBCOtn/ujyeo=
github.com/gorilla/websocket v1.5.4-0.20250319132907-e064f32e3674/go.mod h1:r4w70xmWCQKmi1ONH4KIaBptdivuRPyosB9RmPlGEwA=
github.com/hashicorp/golang-lru/v2 v2.0.7 h1:a+bsQ5rvGLjzHuww6tVxozPZFVghXaHOwFs4luLUK2k=
github.com/hashicorp/golang-lru/v2 v2.0.7/go.mod h1:QeFd9opnmA6QUJc5vARoKUSoFhyfM2/ZepoAG6RGpeM=
github.com/hashicorp/yamux v0.1.2 h1:XtB8kyFOyHXYVFnwT5C3+Bdo8gArse7j2AQ0DA0Uey8=
github.com/hashicorp/yamux v0.1.2/go.mod h1:C+zze2n6e/7wshOZep2A70/aQU6QBRWJO/G6FT1wIns=
github.com/hdevalence/ed25519consensus v0.2.0 h1:37ICyZqdyj0lAZ8P4D1d1id3HqbbG1N3iBb1Tb4rdcU=
github.com/hdevalence/ed25519consensus v0.2.0/go.mod h1:w3BHWjwJbFU29IRHL1Iqkw3sus+7FctEyM4RqDxYNzo=
github.com/jsimonetti/rtnetlink v1.4.0 h1:Z1BF0fRgcETPEa0Kt0MRk3yV5+kF1FWTni6KUFKrq2I=
github.com/jsimonetti/rtnetlink v1.4.0/go.mod h1:5W1jDvWdnthFJ7fxYX1GMK07BUpI4oskfOqvPteYS6E=
github.com/mattn/go-isatty v0.0.20 h1:xfD0iDuEKnDkl03q4limB+vH+GxLEtL/jb4xVJSWWEY=
github.com/mattn/go-isatty v0.0.20/go.mod h1:W+V8PltTTMOvKvAeJH7IuucS94S2C6jfK/D7dTCTo3Y=
github.com/mdlayher/netlink v1.7.3-0.20250113171957-fbb4dce95f42 h1:A1Cq6Ysb0GM0tpKMbdCXCIfBclan4oHk1Jb+Hrejirg=
github.com/mdlayher/netlink v1.7.3-0.20250113171957-fbb4dce95f42/go.mod h1:BB4YCPDOzfy7FniQ/lxuYQ3dgmM2cZumHbK8RpTjN2o=
github.com/mdlayher/socket v0.5.0 h1:ilICZmJcQz70vrWVes1MFera4jGiWNocSkykwwoy3XI=
github.com/mdlayher/socket v0.5.0/go.mod h1:WkcBFfvyG8QENs5+hfQPl1X6Jpd2yeLIYgrGFmJiJxI=
github.com/mdp/qrterminal/v3 v3.2.1 h1:6+yQjiiOsSuXT5n9/m60E54vdgFsw0zhADHhHLrFet4=
github.com/mdp/qrterminal/v3 v3.2.1/go.mod h1:jOTmXvnBsMy5xqLniO0R++Jmjs2sTm9dFSuQ5kpz/SU=
github.com/mitchellh/go-ps v1.0.0 h1:i6ampVEEF4wQFF+bkYfwYgY+F/uYJDktmvLPf7qIgjc=
github.com/mitchellh/go-ps v1.0.0/go.mod h1:J4lOc8z8yJs6vUwklHw2XEIiT4z4C40KtWVN3nvg8Pg=
github.com/ncruces/go-strftime v1.0.0 h1:HMFp8mLCTPp341M/ZnA4qaf7ZlsbTc+miZjCLOFAw7w=
github.com/ncruces/go-strftime v1.0.0/go.mod h1:Fwc5htZGVVkseilnfgOVb9mKy6w1naJmn9CehxcKcls=
github.com/remyoudompheng/bigfft v0.0.0-20230129092748-24d4a6f8daec h1:W09IVJc94icq4NjY3clb7Lk8O1qJ8BdBEF8z0ibU0rE=
github.com/remyoudompheng/bigfft v0.0.0-20230129092748-24d4a6f8daec/go.mod h1:qqbHyh8v60DhA7CoWK5oRCqLrMHRGoxYCSS9EjAz6Eo=
github.com/tailscale/go-winio v0.0.0-20231025203758-c4f33415bf55 h1:Gzfnfk2TWrk8Jj4P4c1a3CtQyMaTVCznlkLZI++hok4=
github.com/tailscale/go-winio v0.0.0-20231025203758-c4f33415bf55/go.mod h1:4k4QO+dQ3R5FofL+SanAUZe+/QfeK0+OIuwDIRu2vSg=
github.com/x448/float16 v0.8.4 h1:qLwI1I70+NjRFUR3zs1JPUCgaCXSh3SW62uAKT1mSBM=
github.com/x448/float16 v0.8.4/go.mod h1:14CWIYCyZA/cWjXOioeEpHeN/83MdbZDRQHoFcYsOfg=
go4.org/mem v0.0.0-20240501181205-ae6ca9944745 h1:Tl++JLUCe4sxGu8cTpDzRLd3tN7US4hOxG5YpKCzkek=
go4.org/mem v0.0.0-20240501181205-ae6ca9944745/go.mod h1:reUoABIJ9ikfM5sgtSF3Wushcza7+WeD01VB9Lirh3g=
go4.org/netipx v0.0.0-20231129151722-fdeea329fbba h1:0b9z3AuHCjxk0x/opv64kcgZLBseWJUpBw5I82+2U4M=
go4.org/netipx v0.0.0-20231129151722-fdeea329fbba/go.mod h1:PLyyIXexvUFg3Owu6p/WfdlivPbZJsZdgWZlrGope/Y=
golang.org/x/crypto v0.53.0 h1:QZ4Muo8THX6CizN2vPPd5fBGHyogrdK9fG4wLPFUsto=
golang.org/x/crypto v0.53.0/go.mod h1:DNLU434OwVakk9PzuwV8w62mAJpRJL3vsgcfp4Qnsio=
golang.org/x/exp v0.0.0-20250620022241-b7579e27df2b h1:M2rDM6z3Fhozi9O7NWsxAkg/yqS/lQJ6PmkyIV3YP+o=
golang.org/x/exp v0.0.0-20250620022241-b7579e27df2b/go.mod h1:3//PLf8L/X+8b4vuAfHzxeRUl04Adcb341+IGKfnqS8=
golang.org/x/mod v0.36.0 h1:JJjpVx6myfUsUdAzZuOSTTmRE0PfZeNWzzvKrP7amb4=
golang.org/x/mod v0.36.0/go.mod h1:moc6ELqsWcOw5Ef3xVprK5ul/MvtVvkIXLziUOICjUQ=
golang.org/x/net v0.55.0 h1:bcvxaJn3e1U6InsFWt1JUq1aSjnRxLzT2rtD2KfkDF8=
golang.org/x/net v0.55.0/go.mod h1:L5U2KuzuOe1lY7Z+aWVIKK6qEeJXnXV9yzGA+WCHJww=
golang.org/x/oauth2 v0.36.0 h1:peZ/1z27fi9hUOFCAZaHyrpWG5lwe0RJEEEeH0ThlIs=
golang.org/x/oauth2 v0.36.0/go.mod h1:YDBUJMTkDnJS+A4BP4eZBjCqtokkg1hODuPjwiGPO7Q=
golang.org/x/sync v0.20.0 h1:e0PTpb7pjO8GAtTs2dQ6jYa5BWYlMuX047Dco/pItO4=
golang.org/x/sync v0.20.0/go.mod h1:9xrNwdLfx4jkKbNva9FpL6vEN7evnE43NNNJQ2LF3+0=
golang.org/x/sys v0.6.0/go.mod h1:oPkhp1MJrh7nUepCBck5+mAzfO9JrbApNNgaTdGDITg=
golang.org/x/sys v0.46.0 h1:noSf2Fq6F8DBgS+LysIkx7rIExoNHJsxOAtPp4rthXw=
golang.org/x/sys v0.46.0/go.mod h1:4GL1E5IUh+htKOUEOaiffhrAeqysfVGipDYzABqnCmw=
golang.org/x/term v0.44.0 h1:0rLvDRCtNj0gZkyIXhCyOb2OAzEhLVqc4B+hrsBhrmc=
golang.org/x/term v0.44.0/go.mod h1:7ze4MdzUzLXpSAoFP1H0bOI9aXDqveSvatT5vKcFh2Y=
golang.org/x/tools v0.45.0 h1:18qN3FAooORvApf5XjCXgsuayZOEtXf6JK18I3+ONa8=
golang.org/x/tools v0.45.0/go.mod h1:LuUGqqaXcXMEFEruIVJVm5mgDD8vww/z/SR1gQ4uE/0=
golang.zx2c4.com/wireguard/windows v0.5.3 h1:On6j2Rpn3OEMXqBq00QEDC7bWSZrPIHKIus8eIuExIE=
golang.zx2c4.com/wireguard/windows v0.5.3/go.mod h1:9TEe8TJmtwyQebdFwAkEWOPr3prrtqm+REGFifP60hI=
modernc.org/cc/v4 v4.28.4 h1:Hd/4Es+MBj+/7hSdZaisNyu6bv3V0Dp2MdllyfqaH+c=
modernc.org/cc/v4 v4.28.4/go.mod h1:OnovgIhbbMXMu1aISnJ0wvVD1KnW+cAUJkIrAWh+kVI=
modernc.org/ccgo/v4 v4.34.4 h1:OVnSOWQjVKOYkFxoHYB+qQmSHK5gqMqARM+K9DpR/Ws=
modernc.org/ccgo/v4 v4.34.4/go.mod h1:qdKqE8FNIYyysougB1RX9MxCzp5oJOcQXSobANJ4TuE=
modernc.org/fileutil v1.4.0 h1:j6ZzNTftVS054gi281TyLjHPp6CPHr2KCxEXjEbD6SM=
modernc.org/fileutil v1.4.0/go.mod h1:EqdKFDxiByqxLk8ozOxObDSfcVOv/54xDs/DUHdvCUU=
modernc.org/gc/v2 v2.6.5 h1:nyqdV8q46KvTpZlsw66kWqwXRHdjIlJOhG6kxiV/9xI=
modernc.org/gc/v2 v2.6.5/go.mod h1:YgIahr1ypgfe7chRuJi2gD7DBQiKSLMPgBQe9oIiito=
modernc.org/gc/v3 v3.1.3 h1:6QAplYyVO+KdPW3pGnqmJDUxtkec8ooEWvks/hhU3lc=
modernc.org/gc/v3 v3.1.3/go.mod h1:HFK/6AGESC7Ex+EZJhJ2Gni6cTaYpSMmU/cT9RmlfYY=
modernc.org/goabi0 v0.2.0 h1:HvEowk7LxcPd0eq6mVOAEMai46V+i7Jrj13t4AzuNks=
modernc.org/goabi0 v0.2.0/go.mod h1:CEFRnnJhKvWT1c1JTI3Avm+tgOWbkOu5oPA8eH8LnMI=
modernc.org/libc v1.73.4 h1:+ra4Ui8ngyt8HDcO1FTDPWlkAh6yOdaO2yAoh8MddQA=
modernc.org/libc v1.73.4/go.mod h1:DXZ3eO8qMCNn2SnmTNCiC71nJ9Rcq3PsnpU6Vc4rWK8=
modernc.org/mathutil v1.7.1 h1:GCZVGXdaN8gTqB1Mf/usp1Y/hSqgI2vAGGP4jZMCxOU=
modernc.org/mathutil v1.7.1/go.mod h1:4p5IwJITfppl0G4sUEDtCr4DthTaT47/N3aT6MhfgJg=
modernc.org/memory v1.11.0 h1:o4QC8aMQzmcwCK3t3Ux/ZHmwFPzE6hf2Y5LbkRs+hbI=
modernc.org/memory v1.11.0/go.mod h1:/JP4VbVC+K5sU2wZi9bHoq2MAkCnrt2r98UGeSK7Mjw=
modernc.org/opt v0.2.0 h1:tGyef5ApycA7FSEOMraay9SaTk5zmbx7Tu+cJs4QKZg=
modernc.org/opt v0.2.0/go.mod h1:03fq9lsNfvkYSfxrfUhZCWPk1lm4cq4N+Bh//bEtgns=
modernc.org/sortutil v1.2.1 h1:+xyoGf15mM3NMlPDnFqrteY07klSFxLElE2PVuWIJ7w=
modernc.org/sortutil v1.2.1/go.mod h1:7ZI3a3REbai7gzCLcotuw9AC4VZVpYMjDzETGsSMqJE=
modernc.org/sqlite v1.53.0 h1:20WG8N9q4ji/dEqGk4uiI0c6OPjSeLTNYGFCc3+7c1M=
modernc.org/sqlite v1.53.0/go.mod h1:xoEpOIpGrgT48H5iiyt/YXPCZPEzlfmfFwtk8Lklw8s=
modernc.org/strutil v1.2.1 h1:UneZBkQA+DX2Rp35KcM69cSsNES9ly8mQWD71HKlOA0=
modernc.org/strutil v1.2.1/go.mod h1:EHkiggD70koQxjVdSBM3JKM7k6L0FbGE5eymy9i3B9A=
modernc.org/token v1.1.0 h1:Xl7Ap9dKaEs5kLoOQeQmPWevfnk/DM5qcLcYlA8ys6Y=
modernc.org/token v1.1.0/go.mod h1:UGzOrNV1mAFSEB63lOFHIpNRUVMvYTc6yu1SMY/XTDM=
rsc.io/qr v0.2.0 h1:6vBLea5/NRMVTz8V66gipeLycZMl/+UlFmk8DvqQ6WY=
rsc.io/qr v0.2.0/go.mod h1:IF+uZjkb9fqyeF/4tlBoynqmQxUoPfWEKh921coOuXs=
tailscale.com v1.100.0 h1:nm/M/dEaW9RaRsGUjW2HsSDpsZ60Jwd9k4gNW9tTFiE=
tailscale.com v1.100.0/go.mod h1:DQ9YBy85DpNlSyeU2XRIWzbAu3RsGp/frv+Khg57meE=
